
Microsoft Visual Studio Solution File, Format Version 12.00
# Visual Studio Version 17
VisualStudioVersion = 17.7.34031.279
MinimumVisualStudioVersion = 10.0.40219.1
Project("{FAE04EC0-301F-11D3-BF4B-00C04F79EFBC}") = "ONLINEORDER", "ONLINEORDER\ONLINEORDER.csproj", "{AA39D584-9958-4FAA-A9CF-0CC1A1D639A2}"
EndProject
Global
	GlobalSection(SolutionConfigurationPlatforms) = preSolution
		Debug|Any CPU = Debug|Any CPU
		Release|Any CPU = Release|Any CPU
	EndGlobalSection
	GlobalSection(ProjectConfigurationPlatforms) = postSolution
		{AA39D584-9958-4FAA-A9CF-0CC1A1D639A2}.Debug|Any CPU.ActiveCfg = Debug|Any CPU
		{AA39D584-9958-4FAA-A9CF-0CC1A1D639A2}.Debug|Any CPU.Build.0 = Debug|Any CPU
		{AA39D584-9958-4FAA-A9CF-0CC1A1D639A2}.Release|Any CPU.ActiveCfg = Release|Any CPU
		{AA39D584-9958-4FAA-A9CF-0CC1A1D639A2}.Release|Any CPU.Build.0 = Release|Any CPU
	EndGlobalSection
	GlobalSection(SolutionProperties) = preSolution
		HideSolutionNode = FALSE
	EndGlobalSection
	GlobalSection(ExtensibilityGlobals) = postSolution
		SolutionGuid = {661FE14D-B175-4AC3-AD90-24D5CFF1A894}
	EndGlobalSection
EndGlobal
